
Microsoft Visual Studio Solution File, Format Version 12.00
# Visual Studio Version 17
VisualStudioVersion = 17.10.35013.160
MinimumVisualStudioVersion = 10.0.40219.1
Project("{FAE04EC0-301F-11D3-BF4B-00C04F79EFBC}") = "Shopping.Basket.API", "Shopping.Basket.API\Shopping.Basket.API.csproj", "{6978680C-5B05-4159-A86F-CBA56AD8128C}"
EndProject
Project("{FAE04EC0-301F-11D3-BF4B-00C04F79EFBC}") = "Shopping.Basket.Application", "Shopping.Basket.Application\Shopping.Basket.Application.csproj", "{280BA163-DCA7-48E9-9620-491B6FF9CE02}"
EndProject
Project("{FAE04EC0-301F-11D3-BF4B-00C04F79EFBC}") = "Shopping.Basket.Infrastructure", "Shopping.Basket.Infrastructure\Shopping.Basket.Infrastructure.csproj", "{145D6901-62C4-4F1B-B3A8-501F847168ED}"
EndProject
Project("{FAE04EC0-301F-11D3-BF4B-00C04F79EFBC}") = "Shopping.Basket.Domain", "Shopping.Basket.Domain\Shopping.Basket.Domain.csproj", "{344793E2-4249-42C9-A8B2-29F943C6AD78}"
EndProject
Project("{FAE04EC0-301F-11D3-BF4B-00C04F79EFBC}") = "Shopping.Basket.Tests", "Shopping.Basket.Tests\Shopping.Basket.Tests.csproj", "{3D37729C-779F-4C2D-BBF9-7D6EE1124FED}"
EndProject
Global
	GlobalSection(SolutionConfigurationPlatforms) = preSolution
		Debug|Any CPU = Debug|Any CPU
		Release|Any CPU = Release|Any CPU
	EndGlobalSection
	GlobalSection(ProjectConfigurationPlatforms) = postSolution
		{6978680C-5B05-4159-A86F-CBA56AD8128C}.Debug|Any CPU.ActiveCfg = Debug|Any CPU
		{6978680C-5B05-4159-A86F-CBA56AD8128C}.Debug|Any CPU.Build.0 = Debug|Any CPU
		{6978680C-5B05-4159-A86F-CBA56AD8128C}.Release|Any CPU.ActiveCfg = Release|Any CPU
		{6978680C-5B05-4159-A86F-CBA56AD8128C}.Release|Any CPU.Build.0 = Release|Any CPU
		{280BA163-DCA7-48E9-9620-491B6FF9CE02}.Debug|Any CPU.ActiveCfg = Debug|Any CPU
		{280BA163-DCA7-48E9-9620-491B6FF9CE02}.Debug|Any CPU.Build.0 = Debug|Any CPU
		{280BA163-DCA7-48E9-9620-491B6FF9CE02}.Release|Any CPU.ActiveCfg = Release|Any CPU
		{280BA163-DCA7-48E9-9620-491B6FF9CE02}.Release|Any CPU.Build.0 = Release|Any CPU
		{145D6901-62C4-4F1B-B3A8-501F847168ED}.Debug|Any CPU.ActiveCfg = Debug|Any CPU
		{145D6901-62C4-4F1B-B3A8-501F847168ED}.Debug|Any CPU.Build.0 = Debug|Any CPU
		{145D6901-62C4-4F1B-B3A8-501F847168ED}.Release|Any CPU.ActiveCfg = Release|Any CPU
		{145D6901-62C4-4F1B-B3A8-501F847168ED}.Release|Any CPU.Build.0 = Release|Any CPU
		{344793E2-4249-42C9-A8B2-29F943C6AD78}.Debug|Any CPU.ActiveCfg = Debug|Any CPU
		{344793E2-4249-42C9-A8B2-29F943C6AD78}.Debug|Any CPU.Build.0 = Debug|Any CPU
		{344793E2-4249-42C9-A8B2-29F943C6AD78}.Release|Any CPU.ActiveCfg = Release|Any CPU
		{344793E2-4249-42C9-A8B2-29F943C6AD78}.Release|Any CPU.Build.0 = Release|Any CPU
		{3D37729C-779F-4C2D-BBF9-7D6EE1124FED}.Debug|Any CPU.ActiveCfg = Debug|Any CPU
		{3D37729C-779F-4C2D-BBF9-7D6EE1124FED}.Debug|Any CPU.Build.0 = Debug|Any CPU
		{3D37729C-779F-4C2D-BBF9-7D6EE1124FED}.Release|Any CPU.ActiveCfg = Release|Any CPU
		{3D37729C-779F-4C2D-BBF9-7D6EE1124FED}.Release|Any CPU.Build.0 = Release|Any CPU
	EndGlobalSection
	GlobalSection(SolutionProperties) = preSolution
		HideSolutionNode = FALSE
	EndGlobalSection
	GlobalSection(ExtensibilityGlobals) = postSolution
		SolutionGuid = {D176D8AC-B1A5-421D-A840-2D799B4DF3B3}
	EndGlobalSection
EndGlobal
